{
  "name": "synapse",
  "lockfileVersion": 2,
  "requires": true,
  "packages": {
    "": {
      "name": "synapse",
      "license": "ISC",
      "workspaces": [
        "beneficiary",
        "common"
      ]
    },
    "beneficiary": {
      "name": "@synapse/beneficiary",
      "version": "1.0.0",
      "license": "ISC",
      "dependencies": {
        "@synapse/common": "^1.0.0"
      }
    },
    "common": {
      "name": "@synapse/common",
      "version": "1.0.0",
      "license": "ISC"
    },
    "node_modules/@synapse/beneficiary": {
      "resolved": "beneficiary",
      "link": true
    },
    "node_modules/@synapse/common": {
      "resolved": "common",
      "link": true
    }
  },
  "dependencies": {
    "@synapse/beneficiary": {
      "version": "file:beneficiary",
      "requires": {
        "@synapse/common": "^1.0.0"
      }
    },
    "@synapse/common": {
      "version": "file:common"
    }
  }
}
